
Microsoft Visual Studio Solution File, Format Version 12.00
# Visual Studio Version 17
VisualStudioVersion = 17.0.31903.59
MinimumVisualStudioVersion = 10.0.40219.1
Project("{2150E333-8FDC-42A3-9474-1A3956D46DE8}") = "src", "src", "{1679A20D-EB03-4096-8D6A-07DD09E0D11F}"
EndProject
Project("{FAE04EC0-301F-11D3-BF4B-00C04F79EFBC}") = "AuctionService", "src\AuctionService\AuctionService.csproj", "{E47A3EDA-7F82-4835-957B-68454E8D9689}"
EndProject
Global
	GlobalSection(SolutionConfigurationPlatforms) = preSolution
		Debug|Any CPU = Debug|Any CPU
		Release|Any CPU = Release|Any CPU
	EndGlobalSection
	GlobalSection(SolutionProperties) = preSolution
		HideSolutionNode = FALSE
	EndGlobalSection
	GlobalSection(ProjectConfigurationPlatforms) = postSolution
		{E47A3EDA-7F82-4835-957B-68454E8D9689}.Debug|Any CPU.ActiveCfg = Debug|Any CPU
		{E47A3EDA-7F82-4835-957B-68454E8D9689}.Debug|Any CPU.Build.0 = Debug|Any CPU
		{E47A3EDA-7F82-4835-957B-68454E8D9689}.Release|Any CPU.ActiveCfg = Release|Any CPU
		{E47A3EDA-7F82-4835-957B-68454E8D9689}.Release|Any CPU.Build.0 = Release|Any CPU
	EndGlobalSection
	GlobalSection(NestedProjects) = preSolution
		{E47A3EDA-7F82-4835-957B-68454E8D9689} = {1679A20D-EB03-4096-8D6A-07DD09E0D11F}
	EndGlobalSection
EndGlobal
